
Microsoft Visual Studio Solution File, Format Version 12.00
# Visual Studio Version 16
VisualStudioVersion = 16.0.30011.22
MinimumVisualStudioVersion = 10.0.40219.1
Project("{FAE04EC0-301F-11D3-BF4B-00C04F79EFBC}") = "ProjectRestaurant", "ProjectRestaurant\ProjectRestaurant.csproj", "{7DA967A4-CF66-4EBE-B71B-EA2778314F75}"
EndProject
Project("{FAE04EC0-301F-11D3-BF4B-00C04F79EFBC}") = "ProjectRestaurant.Data", "ProjectRestaurant.Data\ProjectRestaurant.Data.csproj", "{C238CA1F-5391-4780-B2DB-5730499F0BCE}"
EndProject
Project("{FAE04EC0-301F-11D3-BF4B-00C04F79EFBC}") = "ProjectRestaurant.Service", "ProjectRestaurant.Service\ProjectRestaurant.Service.csproj", "{78CF2F91-8F09-411D-9775-E963DDA2BB2B}"
EndProject
Global
	GlobalSection(SolutionConfigurationPlatforms) = preSolution
		Debug|Any CPU = Debug|Any CPU
		Release|Any CPU = Release|Any CPU
	EndGlobalSection
	GlobalSection(ProjectConfigurationPlatforms) = postSolution
		{7DA967A4-CF66-4EBE-B71B-EA2778314F75}.Debug|Any CPU.ActiveCfg = Debug|Any CPU
		{7DA967A4-CF66-4EBE-B71B-EA2778314F75}.Debug|Any CPU.Build.0 = Debug|Any CPU
		{7DA967A4-CF66-4EBE-B71B-EA2778314F75}.Release|Any CPU.ActiveCfg = Release|Any CPU
		{7DA967A4-CF66-4EBE-B71B-EA2778314F75}.Release|Any CPU.Build.0 = Release|Any CPU
		{C238CA1F-5391-4780-B2DB-5730499F0BCE}.Debug|Any CPU.ActiveCfg = Debug|Any CPU
		{C238CA1F-5391-4780-B2DB-5730499F0BCE}.Debug|Any CPU.Build.0 = Debug|Any CPU
		{C238CA1F-5391-4780-B2DB-5730499F0BCE}.Release|Any CPU.ActiveCfg = Release|Any CPU
		{C238CA1F-5391-4780-B2DB-5730499F0BCE}.Release|Any CPU.Build.0 = Release|Any CPU
		{78CF2F91-8F09-411D-9775-E963DDA2BB2B}.Debug|Any CPU.ActiveCfg = Debug|Any CPU
		{78CF2F91-8F09-411D-9775-E963DDA2BB2B}.Debug|Any CPU.Build.0 = Debug|Any CPU
		{78CF2F91-8F09-411D-9775-E963DDA2BB2B}.Release|Any CPU.ActiveCfg = Release|Any CPU
		{78CF2F91-8F09-411D-9775-E963DDA2BB2B}.Release|Any CPU.Build.0 = Release|Any CPU
	EndGlobalSection
	GlobalSection(SolutionProperties) = preSolution
		HideSolutionNode = FALSE
	EndGlobalSection
	GlobalSection(ExtensibilityGlobals) = postSolution
		SolutionGuid = {19BDFA1C-E5C9-4C13-ADBD-D64D2DDE59D6}
	EndGlobalSection
EndGlobal
